// !$*UTF8*$!
{
	archiveVersion = 1;
	classes = {
	};
	objectVersion = 48;
	objects = {

/* Begin PBXBuildFile section */
		8F71E9A62046A37E00458674 /* AppDelegate.swift in Sources */ = {isa = PBXBuildFile; fileRef = 8F71E9A52046A37E00458674 /* AppDelegate.swift */; };
		8F71E9A82046A37E00458674 /* MainVC.swift in Sources */ = {isa = PBXBuildFile; fileRef = 8F71E9A72046A37E00458674 /* MainVC.swift */; };
		8F71E9AB2046A37E00458674 /* Main.storyboard in Resources */ = {isa = PBXBuildFile; fileRef = 8F71E9A92046A37E00458674 /* Main.storyboard */; };
		8F71E9AE2046A37E00458674 /* MyDreamList.xcdatamodeld in Sources */ = {isa = PBXBuildFile; fileRef = 8F71E9AC2046A37E00458674 /* MyDreamList.xcdatamodeld */; };
		8F71E9B02046A37E00458674 /* Assets.xcassets in Resources */ = {isa = PBXBuildFile; fileRef = 8F71E9AF2046A37E00458674 /* Assets.xcassets */; };
		8F71E9B32046A37E00458674 /* LaunchScreen.storyboard in Resources */ = {isa = PBXBuildFile; fileRef = 8F71E9B12046A37E00458674 /* LaunchScreen.storyboard */; };
		8F71E9BE2046A37E00458674 /* MyDreamListTests.swift in Sources */ = {isa = PBXBuildFile; fileRef = 8F71E9BD2046A37E00458674 /* MyDreamListTests.swift */; };
		8F71E9C92046A37E00458674 /* MyDreamListUITests.swift in Sources */ = {isa = PBXBuildFile; fileRef = 8F71E9C82046A37E00458674 /* MyDreamListUITests.swift */; };
		8F71E9EC20488BEF00458674 /* MaterialView.swift in Sources */ = {isa = PBXBuildFile; fileRef = 8F71E9EB20488BEF00458674 /* MaterialView.swift */; };
		8F71E9EE20497AFE00458674 /* MaterialLabel.swift in Sources */ = {isa = PBXBuildFile; fileRef = 8F71E9ED20497AFE00458674 /* MaterialLabel.swift */; };
		8F71E9F0204DE16700458674 /* ItemCell.swift in Sources */ = {isa = PBXBuildFile; fileRef = 8F71E9EF204DE16700458674 /* ItemCell.swift */; };
		8F71E9F9204ECD3D00458674 /* Item+CoreDataClass.swift in Sources */ = {isa = PBXBuildFile; fileRef = 8F71E9F1204ECD3D00458674 /* Item+CoreDataClass.swift */; };
		8F71E9FA204ECD3D00458674 /* Item+CoreDataProperties.swift in Sources */ = {isa = PBXBuildFile; fileRef = 8F71E9F2204ECD3D00458674 /* Item+CoreDataProperties.swift */; };
		8F71E9FB204ECD3D00458674 /* Image+CoreDataClass.swift in Sources */ = {isa = PBXBuildFile; fileRef = 8F71E9F3204ECD3D00458674 /* Image+CoreDataClass.swift */; };
		8F71E9FC204ECD3D00458674 /* Image+CoreDataProperties.swift in Sources */ = {isa = PBXBuildFile; fileRef = 8F71E9F4204ECD3D00458674 /* Image+CoreDataProperties.swift */; };
		8F71E9FD204ECD3D00458674 /* Store+CoreDataClass.swift in Sources */ = {isa = PBXBuildFile; fileRef = 8F71E9F5204ECD3D00458674 /* Store+CoreDataClass.swift */; };
		8F71E9FE204ECD3D00458674 /* Store+CoreDataProperties.swift in Sources */ = {isa = PBXBuildFile; fileRef = 8F71E9F6204ECD3D00458674 /* Store+CoreDataProperties.swift */; };
		8F71E9FF204ECD3D00458674 /* Type+CoreDataClass.swift in Sources */ = {isa = PBXBuildFile; fileRef = 8F71E9F7204ECD3D00458674 /* Type+CoreDataClass.swift */; };
		8F71EA00204ECD3D00458674 /* Type+CoreDataProperties.swift in Sources */ = {isa = PBXBuildFile; fileRef = 8F71E9F8204ECD3D00458674 /* Type+CoreDataProperties.swift */; };
		8FA0E39C2057A36000D4D2EE /* CustomTextField.swift in Sources */ = {isa = PBXBuildFile; fileRef = 8FA0E39B2057A36000D4D2EE /* CustomTextField.swift */; };
		8FA0E39E2057A80500D4D2EE /* ItemDetailVC.swift in Sources */ = {isa = PBXBuildFile; fileRef = 8FA0E39D2057A80500D4D2EE /* ItemDetailVC.swift */; };
/* End PBXBuildFile section */

/* Begin PBXContainerItemProxy section */
		8F71E9BA2046A37E00458674 /* PBXContainerItemProxy */ = {
			isa = PBXContainerItemProxy;
			containerPortal = 8F71E99A2046A37E00458674 /* Project object */;
			proxyType = 1;
			remoteGlobalIDString = 8F71E9A12046A37E00458674;
			remoteInfo = MyDreamList;
		};
		8F71E9C52046A37E00458674 /* PBXContainerItemProxy */ = {
			isa = PBXContainerItemProxy;
			containerPortal = 8F71E99A2046A37E00458674 /* Project object */;
			proxyType = 1;
			remoteGlobalIDString = 8F71E9A12046A37E00458674;
			remoteInfo = MyDreamList;
		};
/* End PBXContainerItemProxy section */

/* Begin PBXFileReference section */
		8F71E9A22046A37E00458674 /* MyDreamList.app */ = {isa = PBXFileReference; explicitFileType = wrapper.application; includeInIndex = 0; path = MyDreamList.app; sourceTree = BUILT_PRODUCTS_DIR; };
		8F71E9A52046A37E00458674 /* AppDelegate.swift */ = {isa = PBXFileReference; lastKnownFileType = sourcecode.swift; path = AppDelegate.swift; sourceTree = "<group>"; };
		8F71E9A72046A37E00458674 /* MainVC.swift */ = {isa = PBXFileReference; lastKnownFileType = sourcecode.swift; path = MainVC.swift; sourceTree = "<group>"; };
		8F71E9AA2046A37E00458674 /* Base */ = {isa = PBXFileReference; lastKnownFileType = file.storyboard; name = Base; path = Base.lproj/Main.storyboard; sourceTree = "<group>"; };
		8F71E9AD2046A37E00458674 /* MyDreamList.xcdatamodel */ = {isa = PBXFileReference; lastKnownFileType = wrapper.xcdatamodel; path = MyDreamList.xcdatamodel; sourceTree = "<group>"; };
		8F71E9AF2046A37E00458674 /* Assets.xcassets */ = {isa = PBXFileReference; lastKnownFileType = folder.assetcatalog; path = Assets.xcassets; sourceTree = "<group>"; };
		8F71E9B22046A37E00458674 /* Base */ = {isa = PBXFileReference; lastKnownFileType = file.storyboard; name = Base; path = Base.lproj/LaunchScreen.storyboard; sourceTree = "<group>"; };
		8F71E9B42046A37E00458674 /* Info.plist */ = {isa = PBXFileReference; lastKnownFileType = text.plist.xml; path = Info.plist; sourceTree = "<group>"; };
		8F71E9B92046A37E00458674 /* MyDreamListTests.xctest */ = {isa = PBXFileReference; explicitFileType = wrapper.cfbundle; includeInIndex = 0; path = MyDreamListTests.xctest; sourceTree = BUILT_PRODUCTS_DIR; };
		8F71E9BD2046A37E00458674 /* MyDreamListTests.swift */ = {isa = PBXFileReference; lastKnownFileType = sourcecode.swift; path = MyDreamListTests.swift; sourceTree = "<group>"; };
		8F71E9BF2046A37E00458674 /* Info.plist */ = {isa = PBXFileReference; lastKnownFileType = text.plist.xml; path = Info.plist; sourceTree = "<group>"; };
		8F71E9C42046A37E00458674 /* MyDreamListUITests.xctest */ = {isa = PBXFileReference; explicitFileType = wrapper.cfbundle; includeInIndex = 0; path = MyDreamListUITests.xctest; sourceTree = BUILT_PRODUCTS_DIR; };
		8F71E9C82046A37E00458674 /* MyDreamListUITests.swift */ = {isa = PBXFileReference; lastKnownFileType = sourcecode.swift; path = MyDreamListUITests.swift; sourceTree = "<group>"; };
		8F71E9CA2046A37E00458674 /* Info.plist */ = {isa = PBXFileReference; lastKnownFileType = text.plist.xml; path = Info.plist; sourceTree = "<group>"; };
		8F71E9EB20488BEF00458674 /* MaterialView.swift */ = {isa = PBXFileReference; lastKnownFileType = sourcecode.swift; path = MaterialView.swift; sourceTree = "<group>"; };
		8F71E9ED20497AFE00458674 /* MaterialLabel.swift */ = {isa = PBXFileReference; lastKnownFileType = sourcecode.swift; path = MaterialLabel.swift; sourceTree = "<group>"; };
		8F71E9EF204DE16700458674 /* ItemCell.swift */ = {isa = PBXFileReference; lastKnownFileType = sourcecode.swift; path = ItemCell.swift; sourceTree = "<group>"; };
		8F71E9F1204ECD3D00458674 /* Item+CoreDataClass.swift */ = {isa = PBXFileReference; lastKnownFileType = sourcecode.swift; path = "Item+CoreDataClass.swift"; sourceTree = "<group>"; };
		8F71E9F2204ECD3D00458674 /* Item+CoreDataProperties.swift */ = {isa = PBXFileReference; lastKnownFileType = sourcecode.swift; path = "Item+CoreDataProperties.swift"; sourceTree = "<group>"; };
		8F71E9F3204ECD3D00458674 /* Image+CoreDataClass.swift */ = {isa = PBXFileReference; lastKnownFileType = sourcecode.swift; path = "Image+CoreDataClass.swift"; sourceTree = "<group>"; };
		8F71E9F4204ECD3D00458674 /* Image+CoreDataProperties.swift */ = {isa = PBXFileReference; lastKnownFileType = sourcecode.swift; path = "Image+CoreDataProperties.swift"; sourceTree = "<group>"; };
		8F71E9F5204ECD3D00458674 /* Store+CoreDataClass.swift */ = {isa = PBXFileReference; lastKnownFileType = sourcecode.swift; path = "Store+CoreDataClass.swift"; sourceTree = "<group>"; };
		8F71E9F6204ECD3D00458674 /* Store+CoreDataProperties.swift */ = {isa = PBXFileReference; lastKnownFileType = sourcecode.swift; path = "Store+CoreDataProperties.swift"; sourceTree = "<group>"; };
		8F71E9F7204ECD3D00458674 /* Type+CoreDataClass.swift */ = {isa = PBXFileReference; lastKnownFileType = sourcecode.swift; path = "Type+CoreDataClass.swift"; sourceTree = "<group>"; };
		8F71E9F8204ECD3D00458674 /* Type+CoreDataProperties.swift */ = {isa = PBXFileReference; lastKnownFileType = sourcecode.swift; path = "Type+CoreDataProperties.swift"; sourceTree = "<group>"; };
		8FA0E39B2057A36000D4D2EE /* CustomTextField.swift */ = {isa = PBXFileReference; fileEncoding = 4; lastKnownFileType = sourcecode.swift; path = CustomTextField.swift; sourceTree = "<group>"; };
		8FA0E39D2057A80500D4D2EE /* ItemDetailVC.swift */ = {isa = PBXFileReference; lastKnownFileType = sourcecode.swift; path = ItemDetailVC.swift; sourceTree = "<group>"; };
/* End PBXFileReference section */

/* Begin PBXFrameworksBuildPhase section */
		8F71E99F2046A37E00458674 /* Frameworks */ = {
			isa = PBXFrameworksBuildPhase;
			buildActionMask = 2147483647;
			files = (
			);
			runOnlyForDeploymentPostprocessing = 0;
		};
		8F71E9B62046A37E00458674 /* Frameworks */ = {
			isa = PBXFrameworksBuildPhase;
			buildActionMask = 2147483647;
			files = (
			);
			runOnlyForDeploymentPostprocessing = 0;
		};
		8F71E9C12046A37E00458674 /* Frameworks */ = {
			isa = PBXFrameworksBuildPhase;
			buildActionMask = 2147483647;
			files = (
			);
			runOnlyForDeploymentPostprocessing = 0;
		};
/* End PBXFrameworksBuildPhase section */

/* Begin PBXGroup section */
		8F71E9992046A37E00458674 = {
			isa = PBXGroup;
			children = (
				8F71E9A42046A37E00458674 /* MyDreamList */,
				8F71E9BC2046A37E00458674 /* MyDreamListTests */,
				8F71E9C72046A37E00458674 /* MyDreamListUITests */,
				8F71E9A32046A37E00458674 /* Products */,
			);
			sourceTree = "<group>";
		};
		8F71E9A32046A37E00458674 /* Products */ = {
			isa = PBXGroup;
			children = (
				8F71E9A22046A37E00458674 /* MyDreamList.app */,
				8F71E9B92046A37E00458674 /* MyDreamListTests.xctest */,
				8F71E9C42046A37E00458674 /* MyDreamListUITests.xctest */,
			);
			name = Products;
			sourceTree = "<group>";
		};
		8F71E9A42046A37E00458674 /* MyDreamList */ = {
			isa = PBXGroup;
			children = (
				8F71E9EA20488BCB00458674 /* View */,
				8F71E9E62048855800458674 /* Model */,
				8FA0E39820579ED000D4D2EE /* Controller */,
				8F71E9A52046A37E00458674 /* AppDelegate.swift */,
				8F71E9A92046A37E00458674 /* Main.storyboard */,
				8F71E9B12046A37E00458674 /* LaunchScreen.storyboard */,
				8F71E9AF2046A37E00458674 /* Assets.xcassets */,
				8F71E9B42046A37E00458674 /* Info.plist */,
				8F71E9AC2046A37E00458674 /* MyDreamList.xcdatamodeld */,
			);
			path = MyDreamList;
			sourceTree = "<group>";
		};
		8F71E9BC2046A37E00458674 /* MyDreamListTests */ = {
			isa = PBXGroup;
			children = (
				8F71E9BD2046A37E00458674 /* MyDreamListTests.swift */,
				8F71E9BF2046A37E00458674 /* Info.plist */,
			);
			path = MyDreamListTests;
			sourceTree = "<group>";
		};
		8F71E9C72046A37E00458674 /* MyDreamListUITests */ = {
			isa = PBXGroup;
			children = (
				8F71E9C82046A37E00458674 /* MyDreamListUITests.swift */,
				8F71E9CA2046A37E00458674 /* Info.plist */,
			);
			path = MyDreamListUITests;
			sourceTree = "<group>";
		};
		8F71E9E62048855800458674 /* Model */ = {
			isa = PBXGroup;
			children = (
				8F71E9F1204ECD3D00458674 /* Item+CoreDataClass.swift */,
				8F71E9F3204ECD3D00458674 /* Image+CoreDataClass.swift */,
				8F71E9F5204ECD3D00458674 /* Store+CoreDataClass.swift */,
				8F71E9F7204ECD3D00458674 /* Type+CoreDataClass.swift */,
				8F71E9E72048855F00458674 /* Generated */,
			);
			path = Model;
			sourceTree = "<group>";
		};
		8F71E9E72048855F00458674 /* Generated */ = {
			isa = PBXGroup;
			children = (
				8F71E9F2204ECD3D00458674 /* Item+CoreDataProperties.swift */,
				8F71E9F4204ECD3D00458674 /* Image+CoreDataProperties.swift */,
				8F71E9F6204ECD3D00458674 /* Store+CoreDataProperties.swift */,
				8F71E9F8204ECD3D00458674 /* Type+CoreDataProperties.swift */,
			);
			path = Generated;
			sourceTree = "<group>";
		};
		8F71E9EA20488BCB00458674 /* View */ = {
			isa = PBXGroup;
			children = (
				8FA0E39B2057A36000D4D2EE /* CustomTextField.swift */,
				8F71E9EB20488BEF00458674 /* MaterialView.swift */,
				8F71E9ED20497AFE00458674 /* MaterialLabel.swift */,
				8F71E9EF204DE16700458674 /* ItemCell.swift */,
			);
			path = View;
			sourceTree = "<group>";
		};
		8FA0E39820579ED000D4D2EE /* Controller */ = {
			isa = PBXGroup;
			children = (
				8F71E9A72046A37E00458674 /* MainVC.swift */,
				8FA0E39D2057A80500D4D2EE /* ItemDetailVC.swift */,
			);
			path = Controller;
			sourceTree = "<group>";
		};
/* End PBXGroup section */

/* Begin PBXNativeTarget section */
		8F71E9A12046A37E00458674 /* MyDreamList */ = {
			isa = PBXNativeTarget;
			buildConfigurationList = 8F71E9CD2046A37E00458674 /* Build configuration list for PBXNativeTarget "MyDreamList" */;
			buildPhases = (
				8F71E99E2046A37E00458674 /* Sources */,
				8F71E99F2046A37E00458674 /* Frameworks */,
				8F71E9A02046A37E00458674 /* Resources */,
			);
			buildRules = (
			);
			dependencies = (
			);
			name = MyDreamList;
			productName = MyDreamList;
			productReference = 8F71E9A22046A37E00458674 /* MyDreamList.app */;
			productType = "com.apple.product-type.application";
		};
		8F71E9B82046A37E00458674 /* MyDreamListTests */ = {
			isa = PBXNativeTarget;
			buildConfigurationList = 8F71E9D02046A37E00458674 /* Build configuration list for PBXNativeTarget "MyDreamListTests" */;
			buildPhases = (
				8F71E9B52046A37E00458674 /* Sources */,
				8F71E9B62046A37E00458674 /* Frameworks */,
				8F71E9B72046A37E00458674 /* Resources */,
			);
			buildRules = (
			);
			dependencies = (
				8F71E9BB2046A37E00458674 /* PBXTargetDependency */,
			);
			name = MyDreamListTests;
			productName = MyDreamListTests;
			productReference = 8F71E9B92046A37E00458674 /* MyDreamListTests.xctest */;
			productType = "com.apple.product-type.bundle.unit-test";
		};
		8F71E9C32046A37E00458674 /* MyDreamListUITests */ = {
			isa = PBXNativeTarget;
			buildConfigurationList = 8F71E9D32046A37E00458674 /* Build configuration list for PBXNativeTarget "MyDreamListUITests" */;
			buildPhases = (
				8F71E9C02046A37E00458674 /* Sources */,
				8F71E9C12046A37E00458674 /* Frameworks */,
				8F71E9C22046A37E00458674 /* Resources */,
			);
			buildRules = (
			);
			dependencies = (
				8F71E9C62046A37E00458674 /* PBXTargetDependency */,
			);
			name = MyDreamListUITests;
			productName = MyDreamListUITests;
			productReference = 8F71E9C42046A37E00458674 /* MyDreamListUITests.xctest */;
			productType = "com.apple.product-type.bundle.ui-testing";
		};
/* End PBXNativeTarget section */

/* Begin PBXProject section */
		8F71E99A2046A37E00458674 /* Project object */ = {
			isa = PBXProject;
			attributes = {
				LastSwiftUpdateCheck = 0920;
				LastUpgradeCheck = 0920;
				ORGANIZATIONNAME = "Parima Ayazi";
				TargetAttributes = {
					8F71E9A12046A37E00458674 = {
						CreatedOnToolsVersion = 9.2;
						ProvisioningStyle = Automatic;
					};
					8F71E9B82046A37E00458674 = {
						CreatedOnToolsVersion = 9.2;
						ProvisioningStyle = Automatic;
						TestTargetID = 8F71E9A12046A37E00458674;
					};
					8F71E9C32046A37E00458674 = {
						CreatedOnToolsVersion = 9.2;
						ProvisioningStyle = Automatic;
						TestTargetID = 8F71E9A12046A37E00458674;
					};
				};
			};
			buildConfigurationList = 8F71E99D2046A37E00458674 /* Build configuration list for PBXProject "MyDreamList" */;
			compatibilityVersion = "Xcode 8.0";
			developmentRegion = en;
			hasScannedForEncodings = 0;
			knownRegions = (
				en,
				Base,
			);
			mainGroup = 8F71E9992046A37E00458674;
			productRefGroup = 8F71E9A32046A37E00458674 /* Products */;
			projectDirPath = "";
			projectRoot = "";
			targets = (
				8F71E9A12046A37E00458674 /* MyDreamList */,
				8F71E9B82046A37E00458674 /* MyDreamListTests */,
				8F71E9C32046A37E00458674 /* MyDreamListUITests */,
			);
		};
/* End PBXProject section */

/* Begin PBXResourcesBuildPhase section */
		8F71E9A02046A37E00458674 /* Resources */ = {
			isa = PBXResourcesBuildPhase;
			buildActionMask = 2147483647;
			files = (
				8F71E9B32046A37E00458674 /* LaunchScreen.storyboard in Resources */,
				8F71E9B02046A37E00458674 /* Assets.xcassets in Resources */,
				8F71E9AB2046A37E00458674 /* Main.storyboard in Resources */,
			);
			runOnlyForDeploymentPostprocessing = 0;
		};
		8F71E9B72046A37E00458674 /* Resources */ = {
			isa = PBXResourcesBuildPhase;
			buildActionMask = 2147483647;
			files = (
			);
			runOnlyForDeploymentPostprocessing = 0;
		};
		8F71E9C22046A37E00458674 /* Resources */ = {
			isa = PBXResourcesBuildPhase;
			buildActionMask = 2147483647;
			files = (
			);
			runOnlyForDeploymentPostprocessing = 0;
		};
/* End PBXResourcesBuildPhase section */

/* Begin PBXSourcesBuildPhase section */
		8F71E99E2046A37E00458674 /* Sources */ = {
			isa = PBXSourcesBuildPhase;
			buildActionMask = 2147483647;
			files = (
				8F71E9F9204ECD3D00458674 /* Item+CoreDataClass.swift in Sources */,
				8F71EA00204ECD3D00458674 /* Type+CoreDataProperties.swift in Sources */,
				8F71E9FA204ECD3D00458674 /* Item+CoreDataProperties.swift in Sources */,
				8F71E9EE20497AFE00458674 /* MaterialLabel.swift in Sources */,
				8FA0E39C2057A36000D4D2EE /* CustomTextField.swift in Sources */,
				8F71E9FE204ECD3D00458674 /* Store+CoreDataProperties.swift in Sources */,
				8F71E9A82046A37E00458674 /* MainVC.swift in Sources */,
				8F71E9EC20488BEF00458674 /* MaterialView.swift in Sources */,
				8FA0E39E2057A80500D4D2EE /* ItemDetailVC.swift in Sources */,
				8F71E9FB204ECD3D00458674 /* Image+CoreDataClass.swift in Sources */,
				8F71E9FD204ECD3D00458674 /* Store+CoreDataClass.swift in Sources */,
				8F71E9FF204ECD3D00458674 /* Type+CoreDataClass.swift in Sources */,
				8F71E9FC204ECD3D00458674 /* Image+CoreDataProperties.swift in Sources */,
				8F71E9F0204DE16700458674 /* ItemCell.swift in Sources */,
				8F71E9A62046A37E00458674 /* AppDelegate.swift in Sources */,
				8F71E9AE2046A37E00458674 /* MyDreamList.xcdatamodeld in Sources */,
			);
			runOnlyForDeploymentPostprocessing = 0;
		};
		8F71E9B52046A37E00458674 /* Sources */ = {
			isa = PBXSourcesBuildPhase;
			buildActionMask = 2147483647;
			files = (
				8F71E9BE2046A37E00458674 /* MyDreamListTests.swift in Sources */,
			);
			runOnlyForDeploymentPostprocessing = 0;
		};
		8F71E9C02046A37E00458674 /* Sources */ = {
			isa = PBXSourcesBuildPhase;
			buildActionMask = 2147483647;
			files = (
				8F71E9C92046A37E00458674 /* MyDreamListUITests.swift in Sources */,
			);
			runOnlyForDeploymentPostprocessing = 0;
		};
/* End PBXSourcesBuildPhase section */

/* Begin PBXTargetDependency section */
		8F71E9BB2046A37E00458674 /* PBXTargetDependency */ = {
			isa = PBXTargetDependency;
			target = 8F71E9A12046A37E00458674 /* MyDreamList */;
			targetProxy = 8F71E9BA2046A37E00458674 /* PBXContainerItemProxy */;
		};
		8F71E9C62046A37E00458674 /* PBXTargetDependency */ = {
			isa = PBXTargetDependency;
			target = 8F71E9A12046A37E00458674 /* MyDreamList */;
			targetProxy = 8F71E9C52046A37E00458674 /* PBXContainerItemProxy */;
		};
/* End PBXTargetDependency section */

/* Begin PBXVariantGroup section */
		8F71E9A92046A37E00458674 /* Main.storyboard */ = {
			isa = PBXVariantGroup;
			children = (
				8F71E9AA2046A37E00458674 /* Base */,
			);
			name = Main.storyboard;
			sourceTree = "<group>";
		};
		8F71E9B12046A37E00458674 /* LaunchScreen.storyboard */ = {
			isa = PBXVariantGroup;
			children = (
				8F71E9B22046A37E00458674 /* Base */,
			);
			name = LaunchScreen.storyboard;
			sourceTree = "<group>";
		};
/* End PBXVariantGroup section */

/* Begin XCBuildConfiguration section */
		8F71E9CB2046A37E00458674 /* Debug */ = {
			isa = XCBuildConfiguration;
			buildSettings = {
				ALWAYS_SEARCH_USER_PATHS = NO;
				CLANG_ANALYZER_NONNULL = YES;
				CLANG_ANALYZER_NUMBER_OBJECT_CONVERSION = YES_AGGRESSIVE;
				CLANG_CXX_LANGUAGE_STANDARD = "gnu++14";
				CLANG_CXX_LIBRARY = "libc++";
				CLANG_ENABLE_MODULES = YES;
				CLANG_ENABLE_OBJC_ARC = YES;
				CLANG_WARN_BLOCK_CAPTURE_AUTORELEASING = YES;
				CLANG_WARN_BOOL_CONVERSION = YES;
				CLANG_WARN_COMMA = YES;
				CLANG_WARN_CONSTANT_CONVERSION = YES;
				CLANG_WARN_DIRECT_OBJC_ISA_USAGE = YES_ERROR;
				CLANG_WARN_DOCUMENTATION_COMMENTS = YES;
				CLANG_WARN_EMPTY_BODY = YES;
				CLANG_WARN_ENUM_CONVERSION = YES;
				CLANG_WARN_INFINITE_RECURSION = YES;
				CLANG_WARN_INT_CONVERSION = YES;
				CLANG_WARN_NON_LITERAL_NULL_CONVERSION = YES;
				CLANG_WARN_OBJC_LITERAL_CONVERSION = YES;
				CLANG_WARN_OBJC_ROOT_CLASS = YES_ERROR;
				CLANG_WARN_RANGE_LOOP_ANALYSIS = YES;
				CLANG_WARN_STRICT_PROTOTYPES = YES;
				CLANG_WARN_SUSPICIOUS_MOVE = YES;
				CLANG_WARN_UNGUARDED_AVAILABILITY = YES_AGGRESSIVE;
				CLANG_WARN_UNREACHABLE_CODE = YES;
				CLANG_WARN__DUPLICATE_METHOD_MATCH = YES;
				CODE_SIGN_IDENTITY = "iPhone Developer";
				COPY_PHASE_STRIP = NO;
				DEBUG_INFORMATION_FORMAT = dwarf;
				ENABLE_STRICT_OBJC_MSGSEND = YES;
				ENABLE_TESTABILITY = YES;
				GCC_C_LANGUAGE_STANDARD = gnu11;
				GCC_DYNAMIC_NO_PIC = NO;
				GCC_NO_COMMON_BLOCKS = YES;
				GCC_OPTIMIZATION_LEVEL = 0;
				GCC_PREPROCESSOR_DEFINITIONS = (
					"DEBUG=1",
					"$(inherited)",
				);
				GCC_WARN_64_TO_32_BIT_CONVERSION = YES;
				GCC_WARN_ABOUT_RETURN_TYPE = YES_ERROR;
				GCC_WARN_UNDECLARED_SELECTOR = YES;
				GCC_WARN_UNINITIALIZED_AUTOS = YES_AGGRESSIVE;
				GCC_WARN_UNUSED_FUNCTION = YES;
				GCC_WARN_UNUSED_VARIABLE = YES;
				IPHONEOS_DEPLOYMENT_TARGET = 11.2;
				MTL_ENABLE_DEBUG_INFO = YES;
				ONLY_ACTIVE_ARCH = YES;
				SDKROOT = iphoneos;
				SWIFT_ACTIVE_COMPILATION_CONDITIONS = DEBUG;
				SWIFT_OPTIMIZATION_LEVEL = "-Onone";
			};
			name = Debug;
		};
		8F71E9CC2046A37E00458674 /* Release */ = {
			isa = XCBuildConfiguration;
			buildSettings = {
				ALWAYS_SEARCH_USER_PATHS = NO;
				CLANG_ANALYZER_NONNULL = YES;
				CLANG_ANALYZER_NUMBER_OBJECT_CONVERSION = YES_AGGRESSIVE;
				CLANG_CXX_LANGUAGE_STANDARD = "gnu++14";
				CLANG_CXX_LIBRARY = "libc++";
				CLANG_ENABLE_MODULES = YES;
				CLANG_ENABLE_OBJC_ARC = YES;
				CLANG_WARN_BLOCK_CAPTURE_AUTORELEASING = YES;
				CLANG_WARN_BOOL_CONVERSION = YES;
				CLANG_WARN_COMMA = YES;
				CLANG_WARN_CONSTANT_CONVERSION = YES;
				CLANG_WARN_DIRECT_OBJC_ISA_USAGE = YES_ERROR;
				CLANG_WARN_DOCUMENTATION_COMMENTS = YES;
				CLANG_WARN_EMPTY_BODY = YES;
				CLANG_WARN_ENUM_CONVERSION = YES;
				CLANG_WARN_INFINITE_RECURSION = YES;
				CLANG_WARN_INT_CONVERSION = YES;
				CLANG_WARN_NON_LITERAL_NULL_CONVERSION = YES;
				CLANG_WARN_OBJC_LITERAL_CONVERSION = YES;
				CLANG_WARN_OBJC_ROOT_CLASS = YES_ERROR;
				CLANG_WARN_RANGE_LOOP_ANALYSIS = YES;
				CLANG_WARN_STRICT_PROTOTYPES = YES;
				CLANG_WARN_SUSPICIOUS_MOVE = YES;
				CLANG_WARN_UNGUARDED_AVAILABILITY = YES_AGGRESSIVE;
				CLANG_WARN_UNREACHABLE_CODE = YES;
				CLANG_WARN__DUPLICATE_METHOD_MATCH = YES;
				CODE_SIGN_IDENTITY = "iPhone Developer";
				COPY_PHASE_STRIP = NO;
				DEBUG_INFORMATION_FORMAT = "dwarf-with-dsym";
				ENABLE_NS_ASSERTIONS = NO;
				ENABLE_STRICT_OBJC_MSGSEND = YES;
				GCC_C_LANGUAGE_STANDARD = gnu11;
				GCC_NO_COMMON_BLOCKS = YES;
				GCC_WARN_64_TO_32_BIT_CONVERSION = YES;
				GCC_WARN_ABOUT_RETURN_TYPE = YES_ERROR;
				GCC_WARN_UNDECLARED_SELECTOR = YES;
				GCC_WARN_UNINITIALIZED_AUTOS = YES_AGGRESSIVE;
				GCC_WARN_UNUSED_FUNCTION = YES;
				GCC_WARN_UNUSED_VARIABLE = YES;
				IPHONEOS_DEPLOYMENT_TARGET = 11.2;
				MTL_ENABLE_DEBUG_INFO = NO;
				SDKROOT = iphoneos;
				SWIFT_OPTIMIZATION_LEVEL = "-Owholemodule";
				VALIDATE_PRODUCT = YES;
			};
			name = Release;
		};
		8F71E9CE2046A37E00458674 /* Debug */ = {
			isa = XCBuildConfiguration;
			buildSettings = {
				ASSETCATALOG_COMPILER_APPICON_NAME = AppIcon;
				CODE_SIGN_STYLE = Automatic;
				DEVELOPMENT_TEAM = 3HHYM79U6B;
				INFOPLIST_FILE = MyDreamList/Info.plist;
				LD_RUNPATH_SEARCH_PATHS = "$(inherited) @executable_path/Frameworks";
				PRODUCT_BUNDLE_IDENTIFIER = com.parimaay.mydreamlist;
				PRODUCT_NAME = "$(TARGET_NAME)";
				SWIFT_VERSION = 4.0;
				TARGETED_DEVICE_FAMILY = "1,2";
			};
			name = Debug;
		};
		8F71E9CF2046A37E00458674 /* Release */ = {
			isa = XCBuildConfiguration;
			buildSettings = {
				ASSETCATALOG_COMPILER_APPICON_NAME = AppIcon;
				CODE_SIGN_STYLE = Automatic;
				DEVELOPMENT_TEAM = 3HHYM79U6B;
				INFOPLIST_FILE = MyDreamList/Info.plist;
				LD_RUNPATH_SEARCH_PATHS = "$(inherited) @executable_path/Frameworks";
				PRODUCT_BUNDLE_IDENTIFIER = com.parimaay.mydreamlist;
				PRODUCT_NAME = "$(TARGET_NAME)";
				SWIFT_VERSION = 4.0;
				TARGETED_DEVICE_FAMILY = "1,2";
			};
			name = Release;
		};
		8F71E9D12046A37E00458674 /* Debug */ = {
			isa = XCBuildConfiguration;
			buildSettings = {
				ALWAYS_EMBED_SWIFT_STANDARD_LIBRARIES = YES;
				BUNDLE_LOADER = "$(TEST_HOST)";
				CODE_SIGN_STYLE = Automatic;
				DEVELOPMENT_TEAM = 3HHYM79U6B;
				INFOPLIST_FILE = MyDreamListTests/Info.plist;
				LD_RUNPATH_SEARCH_PATHS = "$(inherited) @executable_path/Frameworks @loader_path/Frameworks";
				PRODUCT_BUNDLE_IDENTIFIER = com.parimaay.MyDreamListTests;
				PRODUCT_NAME = "$(TARGET_NAME)";
				SWIFT_VERSION = 4.0;
				TARGETED_DEVICE_FAMILY = "1,2";
				TEST_HOST = "$(BUILT_PRODUCTS_DIR)/MyDreamList.app/MyDreamList";
			};
			name = Debug;
		};
		8F71E9D22046A37E00458674 /* Release */ = {
			isa = XCBuildConfiguration;
			buildSettings = {
				ALWAYS_EMBED_SWIFT_STANDARD_LIBRARIES = YES;
				BUNDLE_LOADER = "$(TEST_HOST)";
				CODE_SIGN_STYLE = Automatic;
				DEVELOPMENT_TEAM = 3HHYM79U6B;
				INFOPLIST_FILE = MyDreamListTests/Info.plist;
				LD_RUNPATH_SEARCH_PATHS = "$(inherited) @executable_path/Frameworks @loader_path/Frameworks";
				PRODUCT_BUNDLE_IDENTIFIER = com.parimaay.MyDreamListTests;
				PRODUCT_NAME = "$(TARGET_NAME)";
				SWIFT_VERSION = 4.0;
				TARGETED_DEVICE_FAMILY = "1,2";
				TEST_HOST = "$(BUILT_PRODUCTS_DIR)/MyDreamList.app/MyDreamList";
			};
			name = Release;
		};
		8F71E9D42046A37E00458674 /* Debug */ = {
			isa = XCBuildConfiguration;
			buildSettings = {
				ALWAYS_EMBED_SWIFT_STANDARD_LIBRARIES = YES;
				CODE_SIGN_STYLE = Automatic;
				DEVELOPMENT_TEAM = 3HHYM79U6B;
				INFOPLIST_FILE = MyDreamListUITests/Info.plist;
				LD_RUNPATH_SEARCH_PATHS = "$(inherited) @executable_path/Frameworks @loader_path/Frameworks";
				PRODUCT_BUNDLE_IDENTIFIER = com.parimaay.MyDreamListUITests;
				PRODUCT_NAME = "$(TARGET_NAME)";
				SWIFT_VERSION = 4.0;
				TARGETED_DEVICE_FAMILY = "1,2";
				TEST_TARGET_NAME = MyDreamList;
			};
			name = Debug;
		};
		8F71E9D52046A37E00458674 /* Release */ = {
			isa = XCBuildConfiguration;
			buildSettings = {
				ALWAYS_EMBED_SWIFT_STANDARD_LIBRARIES = YES;
				CODE_SIGN_STYLE = Automatic;
				DEVELOPMENT_TEAM = 3HHYM79U6B;
				INFOPLIST_FILE = MyDreamListUITests/Info.plist;
				LD_RUNPATH_SEARCH_PATHS = "$(inherited) @executable_path/Frameworks @loader_path/Frameworks";
				PRODUCT_BUNDLE_IDENTIFIER = com.parimaay.MyDreamListUITests;
				PRODUCT_NAME = "$(TARGET_NAME)";
				SWIFT_VERSION = 4.0;
				TARGETED_DEVICE_FAMILY = "1,2";
				TEST_TARGET_NAME = MyDreamList;
			};
			name = Release;
		};
/* End XCBuildConfiguration section */

/* Begin XCConfigurationList section */
		8F71E99D2046A37E00458674 /* Build configuration list for PBXProject "MyDreamList" */ = {
			isa = XCConfigurationList;
			buildConfigurations = (
				8F71E9CB2046A37E00458674 /* Debug */,
				8F71E9CC2046A37E00458674 /* Release */,
			);
			defaultConfigurationIsVisible = 0;
			defaultConfigurationName = Release;
		};
		8F71E9CD2046A37E00458674 /* Build configuration list for PBXNativeTarget "MyDreamList" */ = {
			isa = XCConfigurationList;
			buildConfigurations = (
				8F71E9CE2046A37E00458674 /* Debug */,
				8F71E9CF2046A37E00458674 /* Release */,
			);
			defaultConfigurationIsVisible = 0;
			defaultConfigurationName = Release;
		};
		8F71E9D02046A37E00458674 /* Build configuration list for PBXNativeTarget "MyDreamListTests" */ = {
			isa = XCConfigurationList;
			buildConfigurations = (
				8F71E9D12046A37E00458674 /* Debug */,
				8F71E9D22046A37E00458674 /* Release */,
			);
			defaultConfigurationIsVisible = 0;
			defaultConfigurationName = Release;
		};
		8F71E9D32046A37E00458674 /* Build configuration list for PBXNativeTarget "MyDreamListUITests" */ = {
			isa = XCConfigurationList;
			buildConfigurations = (
				8F71E9D42046A37E00458674 /* Debug */,
				8F71E9D52046A37E00458674 /* Release */,
			);
			defaultConfigurationIsVisible = 0;
			defaultConfigurationName = Release;
		};
/* End XCConfigurationList section */

/* Begin XCVersionGroup section */
		8F71E9AC2046A37E00458674 /* MyDreamList.xcdatamodeld */ = {
			isa = XCVersionGroup;
			children = (
				8F71E9AD2046A37E00458674 /* MyDreamList.xcdatamodel */,
			);
			currentVersion = 8F71E9AD2046A37E00458674 /* MyDreamList.xcdatamodel */;
			path = MyDreamList.xcdatamodeld;
			sourceTree = "<group>";
			versionGroupType = wrapper.xcdatamodel;
		};
/* End XCVersionGroup section */
	};
	rootObject = 8F71E99A2046A37E00458674 /* Project object */;
}
